{
    "_readme": [
        "This file locks the dependencies of your project to a known state",
        "Read more about it at https://getcomposer.org/doc/01-basic-usage.md#composer-lock-the-lock-file",
        "This file is @generated automatically"
    ],
    "hash": "6533864e20b7af0ee96f26631491257e",
    "content-hash": "3427528edbed03e09e10143d23f59a88",
    "packages": [
        {
            "name": "studyportals/cache",
            "version": "v2.0.0",
            "source": {
                "type": "git",
                "url": "https://github.com/studyportals/Cache.git",
                "reference": "f24264b18bea49e97fa8a630cdda595d5b026600"
            },
            "dist": {
                "type": "zip",
                "url": "https://api.github.com/repos/studyportals/Cache/zipball/f24264b18bea49e97fa8a630cdda595d5b026600",
                "reference": "f24264b18bea49e97fa8a630cdda595d5b026600",
                "shasum": ""
            },
            "require": {
                "studyportals/exception": "^2.0"
            },
            "type": "library",
            "autoload": {
                "psr-4": {
                    "StudyPortals\\Cache\\": "src/"
                }
            },
            "notification-url": "https://packagist.org/downloads/",
            "license": [
                "BSD-3-Clause"
            ],
            "authors": [
                {
                    "name": "Rob van den Hout",
                    "email": "vdhout@studyportals.com"
                }
            ],
            "description": "Cache engines for studyportals",
            "time": "2017-11-27 10:50:39"
        },
        {
            "name": "studyportals/exception",
            "version": "v2.0.0",
            "source": {
                "type": "git",
                "url": "https://github.com/studyportals/Exception.git",
                "reference": "77d9c717df185a5ea3438e861a0c0524b07f88f5"
            },
            "dist": {
                "type": "zip",
                "url": "https://api.github.com/repos/studyportals/Exception/zipball/77d9c717df185a5ea3438e861a0c0524b07f88f5",
                "reference": "77d9c717df185a5ea3438e861a0c0524b07f88f5",
                "shasum": ""
            },
            "type": "library",
            "autoload": {
                "psr-4": {
                    "StudyPortals\\Exception\\": "src/"
                }
            },
            "notification-url": "https://packagist.org/downloads/",
            "license": [
                "BSD-3-Clause"
            ],
            "authors": [
                {
                    "name": "Rob van den Hout",
                    "email": "vdhout@studyportals.com"
                }
            ],
            "description": "Default exceptions and ExceptionHandler for studyportals",
            "time": "2017-11-27 10:29:50"
        }
    ],
    "packages-dev": [],
    "aliases": [],
    "minimum-stability": "stable",
    "stability-flags": [],
    "prefer-stable": true,
    "prefer-lowest": false,
    "platform": [],
    "platform-dev": []
}
