{
    "_readme": [
        "This file locks the dependencies of your project to a known state",
        "Read more about it at https://getcomposer.org/doc/01-basic-usage.md#composer-lock-the-lock-file",
        "This file is @generated automatically"
    ],
    "hash": "88d5e9ef984cdffc58a4f0e209c486bd",
    "content-hash": "d6405add6fc8c429dc58ff5d9200ee80",
    "packages": [
        {
            "name": "studyportals/cache",
            "version": "v1.0.0",
            "source": {
                "type": "git",
                "url": "https://github.com/studyportals/Cache.git",
                "reference": "8227b3c0c1831441379b7cb969a1b4ad7b78c005"
            },
            "dist": {
                "type": "zip",
                "url": "https://api.github.com/repos/studyportals/Cache/zipball/8227b3c0c1831441379b7cb969a1b4ad7b78c005",
                "reference": "8227b3c0c1831441379b7cb969a1b4ad7b78c005",
                "shasum": ""
            },
            "require": {
                "studyportals/exception": "^1.0"
            },
            "type": "library",
            "autoload": {
                "psr-4": {
                    "StudyPortals\\Cache\\": "src/"
                }
            },
            "notification-url": "https://packagist.org/downloads/",
            "license": [
                "BSD-3-Clause"
            ],
            "authors": [
                {
                    "name": "Rob van den Hout",
                    "email": "vdhout@studyportals.com"
                }
            ],
            "description": "Cache engines for studyportals",
            "time": "2017-11-02 13:32:25"
        },
        {
            "name": "studyportals/exception",
            "version": "v1.0.0",
            "source": {
                "type": "git",
                "url": "https://github.com/studyportals/Exception.git",
                "reference": "e6529dc4743ec4c249773be285e0ea386bcdb867"
            },
            "dist": {
                "type": "zip",
                "url": "https://api.github.com/repos/studyportals/Exception/zipball/e6529dc4743ec4c249773be285e0ea386bcdb867",
                "reference": "e6529dc4743ec4c249773be285e0ea386bcdb867",
                "shasum": ""
            },
            "type": "library",
            "autoload": {
                "psr-4": {
                    "StudyPortals\\Exception\\": "src/"
                }
            },
            "notification-url": "https://packagist.org/downloads/",
            "license": [
                "BSD-3-Clause"
            ],
            "authors": [
                {
                    "name": "Rob van den Hout",
                    "email": "vdhout@studyportals.com"
                }
            ],
            "description": "Default exceptions and ExceptionHandler for studyportals",
            "time": "2017-11-02 11:13:20"
        }
    ],
    "packages-dev": [],
    "aliases": [],
    "minimum-stability": "stable",
    "stability-flags": [],
    "prefer-stable": true,
    "prefer-lowest": false,
    "platform": [],
    "platform-dev": []
}
